
Microsoft Visual Studio Solution File, Format Version 12.00
# Visual Studio 14
VisualStudioVersion = 14.0.25420.1
MinimumVisualStudioVersion = 10.0.40219.1
Project("{FAE04EC0-301F-11D3-BF4B-00C04F79EFBC}") = "BizTalk.RFC.Schemas", "BizTalk.RFC.Schemas\BizTalk.RFC.Schemas.btproj", "{B3EE2D8E-544F-404D-96E6-7CDF43D37334}"
EndProject
Project("{FAE04EC0-301F-11D3-BF4B-00C04F79EFBC}") = "BizTalk.Adapter.RFC.Core", "BizTalk.Adapter.RFC.Core\BizTalk.Adapter.RFC.Core.csproj", "{41FAEDCB-A140-42F6-8D20-F81F6156E93D}"
EndProject
Project("{FAE04EC0-301F-11D3-BF4B-00C04F79EFBC}") = "ConsoleApplication1", "ConsoleApplication1\ConsoleApplication1.csproj", "{3283449E-6A2B-4527-890D-DB98A1CC45CC}"
EndProject
Project("{2150E333-8FDC-42A3-9474-1A3956D46DE8}") = "RFCAdapter", "RFCAdapter", "{20CB9EF7-66CC-4D60-ACE2-20C9E44FB065}"
EndProject
Project("{FAE04EC0-301F-11D3-BF4B-00C04F79EFBC}") = "AdapterManagement", "RFCAdapter\AdapterManagement\AdapterManagement.csproj", "{F92A33B4-1428-4510-B6DD-CA8573E639B7}"
EndProject
Project("{FAE04EC0-301F-11D3-BF4B-00C04F79EFBC}") = "RFCTransmitter", "RFCAdapter\RFCTransmitter\RFCTransmitter.csproj", "{4DD063F2-DE09-490B-B245-BB13CD21DAC0}"
EndProject
Project("{FAE04EC0-301F-11D3-BF4B-00C04F79EFBC}") = "BizTalk.RFC.TM_KSJD_101", "BizTalk.RFC.TM_KSJD_101\BizTalk.RFC.TM_KSJD_101.btproj", "{55EFF602-CCED-413B-90DA-E7FC743E21F8}"
EndProject
Project("{2150E333-8FDC-42A3-9474-1A3956D46DE8}") = "Test", "Test", "{62C995F8-483A-47CD-9AEF-A5A3505EEEF3}"
EndProject
Project("{FAE04EC0-301F-11D3-BF4B-00C04F79EFBC}") = "ConsoleApplication2", "ConsoleApplication2\ConsoleApplication2.csproj", "{DACC294E-69AE-4EFD-A67C-54B04F23B6CD}"
EndProject
Project("{FAE04EC0-301F-11D3-BF4B-00C04F79EFBC}") = "BizTalk.RFC.TM_KSJD_401", "BizTalk.RFC.TM_KSJD_401\BizTalk.RFC.TM_KSJD_401.btproj", "{94FA222B-6B39-451E-AB64-2D7DE635A81C}"
EndProject
Project("{FAE04EC0-301F-11D3-BF4B-00C04F79EFBC}") = "BizTalk.RFC.TM_KSJD_416", "BizTalk.RFC.TM_KSJD_416\BizTalk.RFC.TM_KSJD_416.btproj", "{64A6D92E-A4CE-41BB-8F29-A03D6414C3C2}"
EndProject
Project("{FAE04EC0-301F-11D3-BF4B-00C04F79EFBC}") = "BizTalk.RFC.TM_KSJD_411", "BizTalk.RFC.TM_KSJD_411\BizTalk.RFC.TM_KSJD_411.btproj", "{F5E6D95D-4E61-4D55-A175-5D9DB7A3A7B0}"
EndProject
Project("{FAE04EC0-301F-11D3-BF4B-00C04F79EFBC}") = "BizTalk.RFC.TM_KSJD_402", "BizTalk.RFC.TM_KSJD_402\BizTalk.RFC.TM_KSJD_402.btproj", "{14F39A2B-1553-4658-8100-8B928E7B05BD}"
EndProject
Project("{FAE04EC0-301F-11D3-BF4B-00C04F79EFBC}") = "BizTalk.RFC.TM_KSJD_403", "BizTalk.RFC.TM_KSJD_403\BizTalk.RFC.TM_KSJD_403.btproj", "{325DA7CE-557C-4F33-981D-98FF80530A8B}"
EndProject
Project("{FAE04EC0-301F-11D3-BF4B-00C04F79EFBC}") = "BizTalk.RFC.TM_KSJD_413", "BizTalk.RFC.TM_KSJD_413\BizTalk.RFC.TM_KSJD_413.btproj", "{9D36CCC5-0778-4523-B76A-5FEE070CA78E}"
EndProject
Project("{FAE04EC0-301F-11D3-BF4B-00C04F79EFBC}") = "BizTalk.RFC.TM_KSJD_414", "BizTalk.RFC.TM_KSJD_414\BizTalk.RFC.TM_KSJD_414.btproj", "{F75645CF-D192-417F-B218-EF813230A5E8}"
EndProject
Project("{FAE04EC0-301F-11D3-BF4B-00C04F79EFBC}") = "BizTalk.RFC.TM_KSJD_415", "BizTalk.RFC.TM_KSJD_415\BizTalk.RFC.TM_KSJD_415.btproj", "{CEBD05D5-440C-401C-AD1E-D8F4E1BECF9A}"
EndProject
Project("{FAE04EC0-301F-11D3-BF4B-00C04F79EFBC}") = "BizTalk.Adapter.DesignTime.AssemblySelectEditor", "BizTalk.Adapter.DesignTime.AssemblySelectEditor\BizTalk.Adapter.DesignTime.AssemblySelectEditor.csproj", "{F69F9C0B-345D-4C8D-ABAD-CEF7BE0F2D81}"
EndProject
Project("{FAE04EC0-301F-11D3-BF4B-00C04F79EFBC}") = "WindowsFormsApplication1", "WindowsFormsApplication1\WindowsFormsApplication1.csproj", "{24C211BA-47B1-4A9A-9F78-AD1E59F9F8B2}"
EndProject
Project("{FAE04EC0-301F-11D3-BF4B-00C04F79EFBC}") = "BizTalk.RFC.Likelic.THM_RETURN_TM_EVTUPD", "BizTalk.RFC.Likelic.THM_RETURN_TM_EVTUPD\BizTalk.RFC.Likelic.THM_RETURN_TM_EVTUPD.btproj", "{17A3477B-C07B-46FE-BD68-40631AF7C699}"
EndProject
Project("{FAE04EC0-301F-11D3-BF4B-00C04F79EFBC}") = "BizTalk.RFC.Likelic.TRANS_ZZC_TO_TM", "BizTalk.RFC.Liklic.TRANS_ZZC_TO_TM\BizTalk.RFC.Likelic.TRANS_ZZC_TO_TM.btproj", "{2E7885DA-846B-4B7F-8D51-014A1F2D026B}"
EndProject
Global
	GlobalSection(SolutionConfigurationPlatforms) = preSolution
		Debug|Any CPU = Debug|Any CPU
		Release|Any CPU = Release|Any CPU
	EndGlobalSection
	GlobalSection(ProjectConfigurationPlatforms) = postSolution
		{B3EE2D8E-544F-404D-96E6-7CDF43D37334}.Debug|Any CPU.ActiveCfg = Debug|Any CPU
		{B3EE2D8E-544F-404D-96E6-7CDF43D37334}.Debug|Any CPU.Build.0 = Debug|Any CPU
		{B3EE2D8E-544F-404D-96E6-7CDF43D37334}.Debug|Any CPU.Deploy.0 = Debug|Any CPU
		{B3EE2D8E-544F-404D-96E6-7CDF43D37334}.Release|Any CPU.ActiveCfg = Release|Any CPU
		{B3EE2D8E-544F-404D-96E6-7CDF43D37334}.Release|Any CPU.Build.0 = Release|Any CPU
		{B3EE2D8E-544F-404D-96E6-7CDF43D37334}.Release|Any CPU.Deploy.0 = Release|Any CPU
		{41FAEDCB-A140-42F6-8D20-F81F6156E93D}.Debug|Any CPU.ActiveCfg = Debug|Any CPU
		{41FAEDCB-A140-42F6-8D20-F81F6156E93D}.Debug|Any CPU.Build.0 = Debug|Any CPU
		{41FAEDCB-A140-42F6-8D20-F81F6156E93D}.Release|Any CPU.ActiveCfg = Release|Any CPU
		{41FAEDCB-A140-42F6-8D20-F81F6156E93D}.Release|Any CPU.Build.0 = Release|Any CPU
		{3283449E-6A2B-4527-890D-DB98A1CC45CC}.Debug|Any CPU.ActiveCfg = Debug|Any CPU
		{3283449E-6A2B-4527-890D-DB98A1CC45CC}.Debug|Any CPU.Build.0 = Debug|Any CPU
		{3283449E-6A2B-4527-890D-DB98A1CC45CC}.Release|Any CPU.ActiveCfg = Release|Any CPU
		{3283449E-6A2B-4527-890D-DB98A1CC45CC}.Release|Any CPU.Build.0 = Release|Any CPU
		{F92A33B4-1428-4510-B6DD-CA8573E639B7}.Debug|Any CPU.ActiveCfg = Debug|Any CPU
		{F92A33B4-1428-4510-B6DD-CA8573E639B7}.Debug|Any CPU.Build.0 = Debug|Any CPU
		{F92A33B4-1428-4510-B6DD-CA8573E639B7}.Release|Any CPU.ActiveCfg = Release|Any CPU
		{F92A33B4-1428-4510-B6DD-CA8573E639B7}.Release|Any CPU.Build.0 = Release|Any CPU
		{4DD063F2-DE09-490B-B245-BB13CD21DAC0}.Debug|Any CPU.ActiveCfg = Debug|Any CPU
		{4DD063F2-DE09-490B-B245-BB13CD21DAC0}.Debug|Any CPU.Build.0 = Debug|Any CPU
		{4DD063F2-DE09-490B-B245-BB13CD21DAC0}.Release|Any CPU.ActiveCfg = Release|Any CPU
		{4DD063F2-DE09-490B-B245-BB13CD21DAC0}.Release|Any CPU.Build.0 = Release|Any CPU
		{55EFF602-CCED-413B-90DA-E7FC743E21F8}.Debug|Any CPU.ActiveCfg = Debug|Any CPU
		{55EFF602-CCED-413B-90DA-E7FC743E21F8}.Debug|Any CPU.Build.0 = Debug|Any CPU
		{55EFF602-CCED-413B-90DA-E7FC743E21F8}.Debug|Any CPU.Deploy.0 = Debug|Any CPU
		{55EFF602-CCED-413B-90DA-E7FC743E21F8}.Release|Any CPU.ActiveCfg = Release|Any CPU
		{55EFF602-CCED-413B-90DA-E7FC743E21F8}.Release|Any CPU.Build.0 = Release|Any CPU
		{55EFF602-CCED-413B-90DA-E7FC743E21F8}.Release|Any CPU.Deploy.0 = Release|Any CPU
		{DACC294E-69AE-4EFD-A67C-54B04F23B6CD}.Debug|Any CPU.ActiveCfg = Debug|Any CPU
		{DACC294E-69AE-4EFD-A67C-54B04F23B6CD}.Debug|Any CPU.Build.0 = Debug|Any CPU
		{DACC294E-69AE-4EFD-A67C-54B04F23B6CD}.Release|Any CPU.ActiveCfg = Release|Any CPU
		{DACC294E-69AE-4EFD-A67C-54B04F23B6CD}.Release|Any CPU.Build.0 = Release|Any CPU
		{94FA222B-6B39-451E-AB64-2D7DE635A81C}.Debug|Any CPU.ActiveCfg = Debug|Any CPU
		{94FA222B-6B39-451E-AB64-2D7DE635A81C}.Debug|Any CPU.Build.0 = Debug|Any CPU
		{94FA222B-6B39-451E-AB64-2D7DE635A81C}.Debug|Any CPU.Deploy.0 = Debug|Any CPU
		{94FA222B-6B39-451E-AB64-2D7DE635A81C}.Release|Any CPU.ActiveCfg = Release|Any CPU
		{94FA222B-6B39-451E-AB64-2D7DE635A81C}.Release|Any CPU.Build.0 = Release|Any CPU
		{94FA222B-6B39-451E-AB64-2D7DE635A81C}.Release|Any CPU.Deploy.0 = Release|Any CPU
		{64A6D92E-A4CE-41BB-8F29-A03D6414C3C2}.Debug|Any CPU.ActiveCfg = Debug|Any CPU
		{64A6D92E-A4CE-41BB-8F29-A03D6414C3C2}.Debug|Any CPU.Build.0 = Debug|Any CPU
		{64A6D92E-A4CE-41BB-8F29-A03D6414C3C2}.Debug|Any CPU.Deploy.0 = Debug|Any CPU
		{64A6D92E-A4CE-41BB-8F29-A03D6414C3C2}.Release|Any CPU.ActiveCfg = Release|Any CPU
		{64A6D92E-A4CE-41BB-8F29-A03D6414C3C2}.Release|Any CPU.Build.0 = Release|Any CPU
		{64A6D92E-A4CE-41BB-8F29-A03D6414C3C2}.Release|Any CPU.Deploy.0 = Release|Any CPU
		{F5E6D95D-4E61-4D55-A175-5D9DB7A3A7B0}.Debug|Any CPU.ActiveCfg = Debug|Any CPU
		{F5E6D95D-4E61-4D55-A175-5D9DB7A3A7B0}.Debug|Any CPU.Build.0 = Debug|Any CPU
		{F5E6D95D-4E61-4D55-A175-5D9DB7A3A7B0}.Debug|Any CPU.Deploy.0 = Debug|Any CPU
		{F5E6D95D-4E61-4D55-A175-5D9DB7A3A7B0}.Release|Any CPU.ActiveCfg = Release|Any CPU
		{F5E6D95D-4E61-4D55-A175-5D9DB7A3A7B0}.Release|Any CPU.Build.0 = Release|Any CPU
		{F5E6D95D-4E61-4D55-A175-5D9DB7A3A7B0}.Release|Any CPU.Deploy.0 = Release|Any CPU
		{14F39A2B-1553-4658-8100-8B928E7B05BD}.Debug|Any CPU.ActiveCfg = Debug|Any CPU
		{14F39A2B-1553-4658-8100-8B928E7B05BD}.Debug|Any CPU.Build.0 = Debug|Any CPU
		{14F39A2B-1553-4658-8100-8B928E7B05BD}.Debug|Any CPU.Deploy.0 = Debug|Any CPU
		{14F39A2B-1553-4658-8100-8B928E7B05BD}.Release|Any CPU.ActiveCfg = Release|Any CPU
		{14F39A2B-1553-4658-8100-8B928E7B05BD}.Release|Any CPU.Build.0 = Release|Any CPU
		{14F39A2B-1553-4658-8100-8B928E7B05BD}.Release|Any CPU.Deploy.0 = Release|Any CPU
		{325DA7CE-557C-4F33-981D-98FF80530A8B}.Debug|Any CPU.ActiveCfg = Debug|Any CPU
		{325DA7CE-557C-4F33-981D-98FF80530A8B}.Debug|Any CPU.Build.0 = Debug|Any CPU
		{325DA7CE-557C-4F33-981D-98FF80530A8B}.Debug|Any CPU.Deploy.0 = Debug|Any CPU
		{325DA7CE-557C-4F33-981D-98FF80530A8B}.Release|Any CPU.ActiveCfg = Release|Any CPU
		{325DA7CE-557C-4F33-981D-98FF80530A8B}.Release|Any CPU.Build.0 = Release|Any CPU
		{325DA7CE-557C-4F33-981D-98FF80530A8B}.Release|Any CPU.Deploy.0 = Release|Any CPU
		{9D36CCC5-0778-4523-B76A-5FEE070CA78E}.Debug|Any CPU.ActiveCfg = Debug|Any CPU
		{9D36CCC5-0778-4523-B76A-5FEE070CA78E}.Debug|Any CPU.Build.0 = Debug|Any CPU
		{9D36CCC5-0778-4523-B76A-5FEE070CA78E}.Debug|Any CPU.Deploy.0 = Debug|Any CPU
		{9D36CCC5-0778-4523-B76A-5FEE070CA78E}.Release|Any CPU.ActiveCfg = Release|Any CPU
		{9D36CCC5-0778-4523-B76A-5FEE070CA78E}.Release|Any CPU.Build.0 = Release|Any CPU
		{9D36CCC5-0778-4523-B76A-5FEE070CA78E}.Release|Any CPU.Deploy.0 = Release|Any CPU
		{F75645CF-D192-417F-B218-EF813230A5E8}.Debug|Any CPU.ActiveCfg = Debug|Any CPU
		{F75645CF-D192-417F-B218-EF813230A5E8}.Debug|Any CPU.Build.0 = Debug|Any CPU
		{F75645CF-D192-417F-B218-EF813230A5E8}.Debug|Any CPU.Deploy.0 = Debug|Any CPU
		{F75645CF-D192-417F-B218-EF813230A5E8}.Release|Any CPU.ActiveCfg = Release|Any CPU
		{F75645CF-D192-417F-B218-EF813230A5E8}.Release|Any CPU.Build.0 = Release|Any CPU
		{F75645CF-D192-417F-B218-EF813230A5E8}.Release|Any CPU.Deploy.0 = Release|Any CPU
		{CEBD05D5-440C-401C-AD1E-D8F4E1BECF9A}.Debug|Any CPU.ActiveCfg = Debug|Any CPU
		{CEBD05D5-440C-401C-AD1E-D8F4E1BECF9A}.Debug|Any CPU.Build.0 = Debug|Any CPU
		{CEBD05D5-440C-401C-AD1E-D8F4E1BECF9A}.Debug|Any CPU.Deploy.0 = Debug|Any CPU
		{CEBD05D5-440C-401C-AD1E-D8F4E1BECF9A}.Release|Any CPU.ActiveCfg = Release|Any CPU
		{CEBD05D5-440C-401C-AD1E-D8F4E1BECF9A}.Release|Any CPU.Build.0 = Release|Any CPU
		{CEBD05D5-440C-401C-AD1E-D8F4E1BECF9A}.Release|Any CPU.Deploy.0 = Release|Any CPU
		{F69F9C0B-345D-4C8D-ABAD-CEF7BE0F2D81}.Debug|Any CPU.ActiveCfg = Debug|Any CPU
		{F69F9C0B-345D-4C8D-ABAD-CEF7BE0F2D81}.Debug|Any CPU.Build.0 = Debug|Any CPU
		{F69F9C0B-345D-4C8D-ABAD-CEF7BE0F2D81}.Release|Any CPU.ActiveCfg = Release|Any CPU
		{F69F9C0B-345D-4C8D-ABAD-CEF7BE0F2D81}.Release|Any CPU.Build.0 = Release|Any CPU
		{24C211BA-47B1-4A9A-9F78-AD1E59F9F8B2}.Debug|Any CPU.ActiveCfg = Debug|Any CPU
		{24C211BA-47B1-4A9A-9F78-AD1E59F9F8B2}.Debug|Any CPU.Build.0 = Debug|Any CPU
		{24C211BA-47B1-4A9A-9F78-AD1E59F9F8B2}.Release|Any CPU.ActiveCfg = Release|Any CPU
		{24C211BA-47B1-4A9A-9F78-AD1E59F9F8B2}.Release|Any CPU.Build.0 = Release|Any CPU
		{17A3477B-C07B-46FE-BD68-40631AF7C699}.Debug|Any CPU.ActiveCfg = Debug|Any CPU
		{17A3477B-C07B-46FE-BD68-40631AF7C699}.Debug|Any CPU.Build.0 = Debug|Any CPU
		{17A3477B-C07B-46FE-BD68-40631AF7C699}.Debug|Any CPU.Deploy.0 = Debug|Any CPU
		{17A3477B-C07B-46FE-BD68-40631AF7C699}.Release|Any CPU.ActiveCfg = Release|Any CPU
		{17A3477B-C07B-46FE-BD68-40631AF7C699}.Release|Any CPU.Build.0 = Release|Any CPU
		{17A3477B-C07B-46FE-BD68-40631AF7C699}.Release|Any CPU.Deploy.0 = Release|Any CPU
		{2E7885DA-846B-4B7F-8D51-014A1F2D026B}.Debug|Any CPU.ActiveCfg = Debug|Any CPU
		{2E7885DA-846B-4B7F-8D51-014A1F2D026B}.Debug|Any CPU.Build.0 = Debug|Any CPU
		{2E7885DA-846B-4B7F-8D51-014A1F2D026B}.Debug|Any CPU.Deploy.0 = Debug|Any CPU
		{2E7885DA-846B-4B7F-8D51-014A1F2D026B}.Release|Any CPU.ActiveCfg = Release|Any CPU
		{2E7885DA-846B-4B7F-8D51-014A1F2D026B}.Release|Any CPU.Build.0 = Release|Any CPU
		{2E7885DA-846B-4B7F-8D51-014A1F2D026B}.Release|Any CPU.Deploy.0 = Release|Any CPU
	EndGlobalSection
	GlobalSection(SolutionProperties) = preSolution
		HideSolutionNode = FALSE
	EndGlobalSection
	GlobalSection(NestedProjects) = preSolution
		{F92A33B4-1428-4510-B6DD-CA8573E639B7} = {20CB9EF7-66CC-4D60-ACE2-20C9E44FB065}
		{4DD063F2-DE09-490B-B245-BB13CD21DAC0} = {20CB9EF7-66CC-4D60-ACE2-20C9E44FB065}
		{DACC294E-69AE-4EFD-A67C-54B04F23B6CD} = {62C995F8-483A-47CD-9AEF-A5A3505EEEF3}
		{24C211BA-47B1-4A9A-9F78-AD1E59F9F8B2} = {62C995F8-483A-47CD-9AEF-A5A3505EEEF3}
	EndGlobalSection
EndGlobal
